
Microsoft Visual Studio Solution File, Format Version 12.00
# Visual Studio Version 17
VisualStudioVersion = 17.13.35931.197 d17.13
MinimumVisualStudioVersion = 10.0.40219.1
Project("{FAE04EC0-301F-11D3-BF4B-00C04F79EFBC}") = "SmartBook", "SmartBook\SmartBook.csproj", "{6DC5A1C7-EEA4-487C-A0E6-1EC8C2172325}"
EndProject
Project("{FAE04EC0-301F-11D3-BF4B-00C04F79EFBC}") = "SmartBookTests", "SmartBookTests\SmartBookTests.csproj", "{3C9400BE-9BD3-42D2-91DA-4059C087C499}"
EndProject
Global
	GlobalSection(SolutionConfigurationPlatforms) = preSolution
		Debug|Any CPU = Debug|Any CPU
		Release|Any CPU = Release|Any CPU
	EndGlobalSection
	GlobalSection(ProjectConfigurationPlatforms) = postSolution
		{6DC5A1C7-EEA4-487C-A0E6-1EC8C2172325}.Debug|Any CPU.ActiveCfg = Debug|Any CPU
		{6DC5A1C7-EEA4-487C-A0E6-1EC8C2172325}.Debug|Any CPU.Build.0 = Debug|Any CPU
		{6DC5A1C7-EEA4-487C-A0E6-1EC8C2172325}.Release|Any CPU.ActiveCfg = Release|Any CPU
		{6DC5A1C7-EEA4-487C-A0E6-1EC8C2172325}.Release|Any CPU.Build.0 = Release|Any CPU
		{3C9400BE-9BD3-42D2-91DA-4059C087C499}.Debug|Any CPU.ActiveCfg = Debug|Any CPU
		{3C9400BE-9BD3-42D2-91DA-4059C087C499}.Debug|Any CPU.Build.0 = Debug|Any CPU
		{3C9400BE-9BD3-42D2-91DA-4059C087C499}.Release|Any CPU.ActiveCfg = Release|Any CPU
		{3C9400BE-9BD3-42D2-91DA-4059C087C499}.Release|Any CPU.Build.0 = Release|Any CPU
	EndGlobalSection
	GlobalSection(SolutionProperties) = preSolution
		HideSolutionNode = FALSE
	EndGlobalSection
	GlobalSection(ExtensibilityGlobals) = postSolution
		SolutionGuid = {D2B02C33-B534-4B2F-86EE-447DE3D52649}
	EndGlobalSection
EndGlobal
